
Microsoft Visual Studio Solution File, Format Version 12.00
# Visual Studio Version 17
VisualStudioVersion = 17.3.32825.248
MinimumVisualStudioVersion = 10.0.40219.1
Project("{FAE04EC0-301F-11D3-BF4B-00C04F79EFBC}") = "3033_4_lc_0922_JSON", "3033_4_lc_0922_JSON\3033_4_lc_0922_JSON.csproj", "{8D1A5401-9DFD-48E1-A3E2-FB30F4E82070}"
EndProject
Project("{FAE04EC0-301F-11D3-BF4B-00C04F79EFBC}") = "var", "var\var.csproj", "{CA44ED2F-B154-4D69-BF6A-599C4F64E9EA}"
EndProject
Global
	GlobalSection(SolutionConfigurationPlatforms) = preSolution
		Debug|Any CPU = Debug|Any CPU
		Release|Any CPU = Release|Any CPU
	EndGlobalSection
	GlobalSection(ProjectConfigurationPlatforms) = postSolution
		{8D1A5401-9DFD-48E1-A3E2-FB30F4E82070}.Debug|Any CPU.ActiveCfg = Debug|Any CPU
		{8D1A5401-9DFD-48E1-A3E2-FB30F4E82070}.Debug|Any CPU.Build.0 = Debug|Any CPU
		{8D1A5401-9DFD-48E1-A3E2-FB30F4E82070}.Release|Any CPU.ActiveCfg = Release|Any CPU
		{8D1A5401-9DFD-48E1-A3E2-FB30F4E82070}.Release|Any CPU.Build.0 = Release|Any CPU
		{CA44ED2F-B154-4D69-BF6A-599C4F64E9EA}.Debug|Any CPU.ActiveCfg = Debug|Any CPU
		{CA44ED2F-B154-4D69-BF6A-599C4F64E9EA}.Debug|Any CPU.Build.0 = Debug|Any CPU
		{CA44ED2F-B154-4D69-BF6A-599C4F64E9EA}.Release|Any CPU.ActiveCfg = Release|Any CPU
		{CA44ED2F-B154-4D69-BF6A-599C4F64E9EA}.Release|Any CPU.Build.0 = Release|Any CPU
	EndGlobalSection
	GlobalSection(SolutionProperties) = preSolution
		HideSolutionNode = FALSE
	EndGlobalSection
	GlobalSection(ExtensibilityGlobals) = postSolution
		SolutionGuid = {9B4F582E-E98D-4DCD-997C-5E3872D76979}
	EndGlobalSection
EndGlobal
